{
  "version": 4,
  "terraform_version": "1.3.5",
  "serial": 3,
  "lineage": "9d04ee99-3aaf-8762-16da-dee228d68f1b",
  "outputs": {},
  "resources": [
    {
      "mode": "data",
      "type": "digitalocean_ssh_key",
      "name": "zeitgeist",
      "provider": "provider[\"registry.terraform.io/digitalocean/digitalocean\"]",
      "instances": [
        {
          "schema_version": 0,
          "attributes": {
            "fingerprint": "50:7a:9e:8b:08:75:2a:53:ef:29:8c:6f:ac:b2:4d:6e",
            "id": 37217288,
            "name": "zeitgeist",
            "public_key": "ssh-rsa AAAAB3NzaC1yc2EAAAADAQABAAABgQDJXbWFEJWo7qnd7PfNjs/jkIfdQQDtp4EprTSdWpqklHK8hwdTLDAZbhhfDnBhkQFtH7+7qIptYSJzsq2aZzTucJNvY7UyHN278u7A8ic6bKy+ccnf7hKSxd6xFw2q3Ml61VUjXGm575nuHPM0lldj+8w/CREtfckZV9v6nis+cNZNQSnltyvyOTELzBSom6GVSfW3xpf8VCV7x3rDu5fRyR8ha+9cyEPdVgWFf8cnyoiBbO/WNzEQFY3vZSsn+7Dng0y9AsfTs5RcFDhxUM1zX92Aw82xBki6YeyUHCH37FVREzr/KtMRbsI8YqLVTwVHEmg4zHrChE6XObABwCFrRurUb8Q29NYcnI6/NHRoxrH4niZhxiyrazomQaVrcjcwBpI4FymUMJkNRYYo45CqIadBE4UQLiPLmC767DjSH2VicApxIJHS3EEY2t+3fZjFYTdyLIPAvAtIqF+YWF/CR25sLuk4x/e3ASNvLjLhqwEAnA67ysYLQ75pdvYzp+8= nano@DELL-Precision-M4800"
          },
          "sensitive_attributes": []
        }
      ]
    },
    {
      "mode": "managed",
      "type": "digitalocean_droplet",
      "name": "test",
      "provider": "provider[\"registry.terraform.io/digitalocean/digitalocean\"]",
      "instances": [
        {
          "schema_version": 1,
          "attributes": {
            "backups": false,
            "created_at": "2023-01-09T18:40:34Z",
            "disk": 25,
            "droplet_agent": null,
            "graceful_shutdown": false,
            "id": "335039428",
            "image": "ubuntu-20-04-x64",
            "ipv4_address": "167.71.175.128",
            "ipv4_address_private": "10.108.0.2",
            "ipv6": false,
            "ipv6_address": "",
            "locked": false,
            "memory": 1024,
            "monitoring": false,
            "name": "test",
            "price_hourly": 0.00893,
            "price_monthly": 6,
            "private_networking": true,
            "region": "nyc3",
            "resize_disk": true,
            "size": "s-1vcpu-1gb",
            "ssh_keys": [
              "37217288"
            ],
            "status": "active",
            "tags": null,
            "timeouts": null,
            "urn": "do:droplet:335039428",
            "user_data": null,
            "vcpus": 1,
            "volume_ids": [],
            "vpc_uuid": "51590713-5e3c-436d-9250-e0a8803d23ef"
          },
          "sensitive_attributes": [],
          "private": "eyJlMmJmYjczMC1lY2FhLTExZTYtOGY4OC0zNDM2M2JjN2M0YzAiOnsiY3JlYXRlIjozNjAwMDAwMDAwMDAwLCJkZWxldGUiOjYwMDAwMDAwMDAwLCJ1cGRhdGUiOjM2MDAwMDAwMDAwMDB9LCJzY2hlbWFfdmVyc2lvbiI6IjEifQ==",
          "dependencies": [
            "data.digitalocean_ssh_key.zeitgeist"
          ]
        }
      ]
    }
  ],
  "check_results": null
}
